
Microsoft Visual Studio Solution File, Format Version 12.00
# Visual Studio 15
VisualStudioVersion = 15.0.27428.2005
MinimumVisualStudioVersion = 10.0.40219.1
Project("{FAE04EC0-301F-11D3-BF4B-00C04F79EFBC}") = "DrugTest", "DrugTest\DrugTest.csproj", "{46132544-B15F-4689-A3E6-67561466A024}"
EndProject
Project("{FAE04EC0-301F-11D3-BF4B-00C04F79EFBC}") = "Dap", "Dap\Dap.csproj", "{34617E41-52B9-4246-B179-1CEE090FE259}"
EndProject
Project("{FAE04EC0-301F-11D3-BF4B-00C04F79EFBC}") = "Models", "Models\Models.csproj", "{257DB60E-6938-44D3-874E-6C990904C9D8}"
EndProject
Project("{FAE04EC0-301F-11D3-BF4B-00C04F79EFBC}") = "ConsoleApp1", "ConsoleApp1\ConsoleApp1.csproj", "{5A2FF79E-3415-4765-BCE0-B863A2C26A1C}"
EndProject
Global
	GlobalSection(SolutionConfigurationPlatforms) = preSolution
		Debug|Any CPU = Debug|Any CPU
		Release|Any CPU = Release|Any CPU
	EndGlobalSection
	GlobalSection(ProjectConfigurationPlatforms) = postSolution
		{46132544-B15F-4689-A3E6-67561466A024}.Debug|Any CPU.ActiveCfg = Debug|Any CPU
		{46132544-B15F-4689-A3E6-67561466A024}.Debug|Any CPU.Build.0 = Debug|Any CPU
		{46132544-B15F-4689-A3E6-67561466A024}.Release|Any CPU.ActiveCfg = Release|Any CPU
		{46132544-B15F-4689-A3E6-67561466A024}.Release|Any CPU.Build.0 = Release|Any CPU
		{34617E41-52B9-4246-B179-1CEE090FE259}.Debug|Any CPU.ActiveCfg = Debug|Any CPU
		{34617E41-52B9-4246-B179-1CEE090FE259}.Debug|Any CPU.Build.0 = Debug|Any CPU
		{34617E41-52B9-4246-B179-1CEE090FE259}.Release|Any CPU.ActiveCfg = Release|Any CPU
		{34617E41-52B9-4246-B179-1CEE090FE259}.Release|Any CPU.Build.0 = Release|Any CPU
		{257DB60E-6938-44D3-874E-6C990904C9D8}.Debug|Any CPU.ActiveCfg = Debug|Any CPU
		{257DB60E-6938-44D3-874E-6C990904C9D8}.Debug|Any CPU.Build.0 = Debug|Any CPU
		{257DB60E-6938-44D3-874E-6C990904C9D8}.Release|Any CPU.ActiveCfg = Release|Any CPU
		{257DB60E-6938-44D3-874E-6C990904C9D8}.Release|Any CPU.Build.0 = Release|Any CPU
		{5A2FF79E-3415-4765-BCE0-B863A2C26A1C}.Debug|Any CPU.ActiveCfg = Debug|Any CPU
		{5A2FF79E-3415-4765-BCE0-B863A2C26A1C}.Debug|Any CPU.Build.0 = Debug|Any CPU
		{5A2FF79E-3415-4765-BCE0-B863A2C26A1C}.Release|Any CPU.ActiveCfg = Release|Any CPU
		{5A2FF79E-3415-4765-BCE0-B863A2C26A1C}.Release|Any CPU.Build.0 = Release|Any CPU
	EndGlobalSection
	GlobalSection(SolutionProperties) = preSolution
		HideSolutionNode = FALSE
	EndGlobalSection
	GlobalSection(ExtensibilityGlobals) = postSolution
		SolutionGuid = {4BA6C850-6FA3-45E0-A292-4BED0C2CAAD0}
	EndGlobalSection
EndGlobal
