
Microsoft Visual Studio Solution File, Format Version 12.00
# Visual Studio 15
VisualStudioVersion = 15.0.27428.2005
MinimumVisualStudioVersion = 10.0.40219.1
Project("{FAE04EC0-301F-11D3-BF4B-00C04F79EFBC}") = "DrugTest", "DrugTest\DrugTest.csproj", "{46132544-B15F-4689-A3E6-67561466A024}"
EndProject
Project("{FAE04EC0-301F-11D3-BF4B-00C04F79EFBC}") = "Dap", "Dap\Dap.csproj", "{34617E41-52B9-4246-B179-1CEE090FE259}"
EndProject
Project("{FAE04EC0-301F-11D3-BF4B-00C04F79EFBC}") = "Models", "Models\Models.csproj", "{257DB60E-6938-44D3-874E-6C990904C9D8}"
EndProject
Project("{FAE04EC0-301F-11D3-BF4B-00C04F79EFBC}") = "cn.jpush.api", "cn.jpush.api\cn.jpush.api.csproj", "{AD5AE9EA-6545-45FC-83AB-22F2227C59FF}"
EndProject
Project("{FAE04EC0-301F-11D3-BF4B-00C04F79EFBC}") = "WindowsFormsApp1", "WindowsFormsApp1\WindowsFormsApp1.csproj", "{972F82A9-7EBB-488A-8BFD-1CD7C8C7168A}"
EndProject
Global
	GlobalSection(SolutionConfigurationPlatforms) = preSolution
		Debug|Any CPU = Debug|Any CPU
		Release|Any CPU = Release|Any CPU
	EndGlobalSection
	GlobalSection(ProjectConfigurationPlatforms) = postSolution
		{46132544-B15F-4689-A3E6-67561466A024}.Debug|Any CPU.ActiveCfg = Debug|Any CPU
		{46132544-B15F-4689-A3E6-67561466A024}.Debug|Any CPU.Build.0 = Debug|Any CPU
		{46132544-B15F-4689-A3E6-67561466A024}.Release|Any CPU.ActiveCfg = Release|Any CPU
		{46132544-B15F-4689-A3E6-67561466A024}.Release|Any CPU.Build.0 = Release|Any CPU
		{34617E41-52B9-4246-B179-1CEE090FE259}.Debug|Any CPU.ActiveCfg = Debug|Any CPU
		{34617E41-52B9-4246-B179-1CEE090FE259}.Debug|Any CPU.Build.0 = Debug|Any CPU
		{34617E41-52B9-4246-B179-1CEE090FE259}.Release|Any CPU.ActiveCfg = Release|Any CPU
		{34617E41-52B9-4246-B179-1CEE090FE259}.Release|Any CPU.Build.0 = Release|Any CPU
		{257DB60E-6938-44D3-874E-6C990904C9D8}.Debug|Any CPU.ActiveCfg = Debug|Any CPU
		{257DB60E-6938-44D3-874E-6C990904C9D8}.Debug|Any CPU.Build.0 = Debug|Any CPU
		{257DB60E-6938-44D3-874E-6C990904C9D8}.Release|Any CPU.ActiveCfg = Release|Any CPU
		{257DB60E-6938-44D3-874E-6C990904C9D8}.Release|Any CPU.Build.0 = Release|Any CPU
		{AD5AE9EA-6545-45FC-83AB-22F2227C59FF}.Debug|Any CPU.ActiveCfg = Debug|Any CPU
		{AD5AE9EA-6545-45FC-83AB-22F2227C59FF}.Debug|Any CPU.Build.0 = Debug|Any CPU
		{AD5AE9EA-6545-45FC-83AB-22F2227C59FF}.Release|Any CPU.ActiveCfg = Release|Any CPU
		{AD5AE9EA-6545-45FC-83AB-22F2227C59FF}.Release|Any CPU.Build.0 = Release|Any CPU
		{972F82A9-7EBB-488A-8BFD-1CD7C8C7168A}.Debug|Any CPU.ActiveCfg = Debug|Any CPU
		{972F82A9-7EBB-488A-8BFD-1CD7C8C7168A}.Debug|Any CPU.Build.0 = Debug|Any CPU
		{972F82A9-7EBB-488A-8BFD-1CD7C8C7168A}.Release|Any CPU.ActiveCfg = Release|Any CPU
		{972F82A9-7EBB-488A-8BFD-1CD7C8C7168A}.Release|Any CPU.Build.0 = Release|Any CPU
	EndGlobalSection
	GlobalSection(SolutionProperties) = preSolution
		HideSolutionNode = FALSE
	EndGlobalSection
	GlobalSection(ExtensibilityGlobals) = postSolution
		SolutionGuid = {4BA6C850-6FA3-45E0-A292-4BED0C2CAAD0}
	EndGlobalSection
EndGlobal
